
Microsoft Visual Studio Solution File, Format Version 12.00
# Visual Studio Version 17
VisualStudioVersion = 17.5.002.0
MinimumVisualStudioVersion = 10.0.40219.1
Project("{9A19103F-16F7-4668-BE54-9A1E7A4F7556}") = "InfinityRunner", "InfinityRunner\InfinityRunner.csproj", "{46440B6F-8549-4CF5-888F-D0CEFC73FDFA}"
EndProject
Global
	GlobalSection(SolutionConfigurationPlatforms) = preSolution
		Debug|Any CPU = Debug|Any CPU
		Release|Any CPU = Release|Any CPU
	EndGlobalSection
	GlobalSection(ProjectConfigurationPlatforms) = postSolution
		{46440B6F-8549-4CF5-888F-D0CEFC73FDFA}.Debug|Any CPU.ActiveCfg = Debug|Any CPU
		{46440B6F-8549-4CF5-888F-D0CEFC73FDFA}.Debug|Any CPU.Build.0 = Debug|Any CPU
		{46440B6F-8549-4CF5-888F-D0CEFC73FDFA}.Release|Any CPU.ActiveCfg = Release|Any CPU
		{46440B6F-8549-4CF5-888F-D0CEFC73FDFA}.Release|Any CPU.Build.0 = Release|Any CPU
	EndGlobalSection
	GlobalSection(SolutionProperties) = preSolution
		HideSolutionNode = FALSE
	EndGlobalSection
	GlobalSection(ExtensibilityGlobals) = postSolution
		SolutionGuid = {EDA2A481-3EEB-4163-9746-CED0BF913D6C}
	EndGlobalSection
EndGlobal
